
Microsoft Visual Studio Solution File, Format Version 12.00
# Visual Studio Version 17
VisualStudioVersion = 17.11.35327.3
MinimumVisualStudioVersion = 10.0.40219.1
Project("{FAE04EC0-301F-11D3-BF4B-00C04F79EFBC}") = "MySocialApp.Application", "src\MySocialApp.Application\MySocialApp.Application.csproj", "{78FCC41E-0302-415D-A528-5B621585CCA8}"
EndProject
Project("{FAE04EC0-301F-11D3-BF4B-00C04F79EFBC}") = "MySocialApp.Domain", "src\MySocialApp.Domain\MySocialApp.Domain.csproj", "{ED7C0928-0D11-468A-86FD-EFBE5E016A8E}"
EndProject
Project("{FAE04EC0-301F-11D3-BF4B-00C04F79EFBC}") = "MySocialApp.Persistence", "src\MySocialApp.Persistence\MySocialApp.Persistence.csproj", "{53B3C41F-BFF5-466A-8BB0-F6DDA7E6ADAE}"
EndProject
Project("{FAE04EC0-301F-11D3-BF4B-00C04F79EFBC}") = "MySocialApp.Infrastructure", "src\MySocialApp.Infrastructure\MySocialApp.Infrastructure.csproj", "{3EB35CF9-95EC-4EAC-BD9A-6966124C425E}"
EndProject
Project("{FAE04EC0-301F-11D3-BF4B-00C04F79EFBC}") = "MySocialApp.Api", "src\MySocialApp.Api\MySocialApp.Api.csproj", "{E5BD9E88-AA9D-466C-9D6E-64635C623F3C}"
EndProject
Global
	GlobalSection(SolutionConfigurationPlatforms) = preSolution
		Debug|Any CPU = Debug|Any CPU
		Release|Any CPU = Release|Any CPU
	EndGlobalSection
	GlobalSection(ProjectConfigurationPlatforms) = postSolution
		{78FCC41E-0302-415D-A528-5B621585CCA8}.Debug|Any CPU.ActiveCfg = Debug|Any CPU
		{78FCC41E-0302-415D-A528-5B621585CCA8}.Debug|Any CPU.Build.0 = Debug|Any CPU
		{78FCC41E-0302-415D-A528-5B621585CCA8}.Release|Any CPU.ActiveCfg = Release|Any CPU
		{78FCC41E-0302-415D-A528-5B621585CCA8}.Release|Any CPU.Build.0 = Release|Any CPU
		{ED7C0928-0D11-468A-86FD-EFBE5E016A8E}.Debug|Any CPU.ActiveCfg = Debug|Any CPU
		{ED7C0928-0D11-468A-86FD-EFBE5E016A8E}.Debug|Any CPU.Build.0 = Debug|Any CPU
		{ED7C0928-0D11-468A-86FD-EFBE5E016A8E}.Release|Any CPU.ActiveCfg = Release|Any CPU
		{ED7C0928-0D11-468A-86FD-EFBE5E016A8E}.Release|Any CPU.Build.0 = Release|Any CPU
		{53B3C41F-BFF5-466A-8BB0-F6DDA7E6ADAE}.Debug|Any CPU.ActiveCfg = Debug|Any CPU
		{53B3C41F-BFF5-466A-8BB0-F6DDA7E6ADAE}.Debug|Any CPU.Build.0 = Debug|Any CPU
		{53B3C41F-BFF5-466A-8BB0-F6DDA7E6ADAE}.Release|Any CPU.ActiveCfg = Release|Any CPU
		{53B3C41F-BFF5-466A-8BB0-F6DDA7E6ADAE}.Release|Any CPU.Build.0 = Release|Any CPU
		{3EB35CF9-95EC-4EAC-BD9A-6966124C425E}.Debug|Any CPU.ActiveCfg = Debug|Any CPU
		{3EB35CF9-95EC-4EAC-BD9A-6966124C425E}.Debug|Any CPU.Build.0 = Debug|Any CPU
		{3EB35CF9-95EC-4EAC-BD9A-6966124C425E}.Release|Any CPU.ActiveCfg = Release|Any CPU
		{3EB35CF9-95EC-4EAC-BD9A-6966124C425E}.Release|Any CPU.Build.0 = Release|Any CPU
		{E5BD9E88-AA9D-466C-9D6E-64635C623F3C}.Debug|Any CPU.ActiveCfg = Debug|Any CPU
		{E5BD9E88-AA9D-466C-9D6E-64635C623F3C}.Debug|Any CPU.Build.0 = Debug|Any CPU
		{E5BD9E88-AA9D-466C-9D6E-64635C623F3C}.Release|Any CPU.ActiveCfg = Release|Any CPU
		{E5BD9E88-AA9D-466C-9D6E-64635C623F3C}.Release|Any CPU.Build.0 = Release|Any CPU
	EndGlobalSection
	GlobalSection(SolutionProperties) = preSolution
		HideSolutionNode = FALSE
	EndGlobalSection
	GlobalSection(ExtensibilityGlobals) = postSolution
		SolutionGuid = {CC35FBDE-0662-4B14-AF65-D729D710081B}
	EndGlobalSection
EndGlobal
