
Microsoft Visual Studio Solution File, Format Version 12.00
# Visual Studio Version 17
VisualStudioVersion = 17.11.35327.3
MinimumVisualStudioVersion = 10.0.40219.1
Project("{9A19103F-16F7-4668-BE54-9A1E7A4F7556}") = "MySocialApp.Application", "src\MySocialApp.Application\MySocialApp.Application.csproj", "{78FCC41E-0302-415D-A528-5B621585CCA8}"
EndProject
Project("{9A19103F-16F7-4668-BE54-9A1E7A4F7556}") = "MySocialApp.Domain", "src\MySocialApp.Domain\MySocialApp.Domain.csproj", "{ED7C0928-0D11-468A-86FD-EFBE5E016A8E}"
EndProject
Project("{9A19103F-16F7-4668-BE54-9A1E7A4F7556}") = "MySocialApp.Persistence", "src\MySocialApp.Persistence\MySocialApp.Persistence.csproj", "{53B3C41F-BFF5-466A-8BB0-F6DDA7E6ADAE}"
EndProject
Project("{9A19103F-16F7-4668-BE54-9A1E7A4F7556}") = "MySocialApp.Infrastructure", "src\MySocialApp.Infrastructure\MySocialApp.Infrastructure.csproj", "{3EB35CF9-95EC-4EAC-BD9A-6966124C425E}"
EndProject
Project("{9A19103F-16F7-4668-BE54-9A1E7A4F7556}") = "MySocialApp.Api", "src\MySocialApp.Api\MySocialApp.Api.csproj", "{E5BD9E88-AA9D-466C-9D6E-64635C623F3C}"
EndProject
Project("{2150E333-8FDC-42A3-9474-1A3956D46DE8}") = "src", "src", "{21EDF693-ED4F-4652-89FB-608CFBB4F900}"
EndProject
Project("{2150E333-8FDC-42A3-9474-1A3956D46DE8}") = "tests", "tests", "{CE3B410C-3E2A-43C0-A671-E804AF4E0E3A}"
EndProject
Project("{FAE04EC0-301F-11D3-BF4B-00C04F79EFBC}") = "MySocialApp.Application.Tests", "tests\MySocialApp.Application.Tests\MySocialApp.Application.Tests.csproj", "{5ED1DB4B-E2E0-4AE7-BC36-BFA9E0F0FB4D}"
EndProject
Global
	GlobalSection(SolutionConfigurationPlatforms) = preSolution
		Debug|Any CPU = Debug|Any CPU
		Release|Any CPU = Release|Any CPU
	EndGlobalSection
	GlobalSection(ProjectConfigurationPlatforms) = postSolution
		{78FCC41E-0302-415D-A528-5B621585CCA8}.Debug|Any CPU.ActiveCfg = Debug|Any CPU
		{78FCC41E-0302-415D-A528-5B621585CCA8}.Debug|Any CPU.Build.0 = Debug|Any CPU
		{78FCC41E-0302-415D-A528-5B621585CCA8}.Release|Any CPU.ActiveCfg = Release|Any CPU
		{78FCC41E-0302-415D-A528-5B621585CCA8}.Release|Any CPU.Build.0 = Release|Any CPU
		{ED7C0928-0D11-468A-86FD-EFBE5E016A8E}.Debug|Any CPU.ActiveCfg = Debug|Any CPU
		{ED7C0928-0D11-468A-86FD-EFBE5E016A8E}.Debug|Any CPU.Build.0 = Debug|Any CPU
		{ED7C0928-0D11-468A-86FD-EFBE5E016A8E}.Release|Any CPU.ActiveCfg = Release|Any CPU
		{ED7C0928-0D11-468A-86FD-EFBE5E016A8E}.Release|Any CPU.Build.0 = Release|Any CPU
		{53B3C41F-BFF5-466A-8BB0-F6DDA7E6ADAE}.Debug|Any CPU.ActiveCfg = Debug|Any CPU
		{53B3C41F-BFF5-466A-8BB0-F6DDA7E6ADAE}.Debug|Any CPU.Build.0 = Debug|Any CPU
		{53B3C41F-BFF5-466A-8BB0-F6DDA7E6ADAE}.Release|Any CPU.ActiveCfg = Release|Any CPU
		{53B3C41F-BFF5-466A-8BB0-F6DDA7E6ADAE}.Release|Any CPU.Build.0 = Release|Any CPU
		{3EB35CF9-95EC-4EAC-BD9A-6966124C425E}.Debug|Any CPU.ActiveCfg = Debug|Any CPU
		{3EB35CF9-95EC-4EAC-BD9A-6966124C425E}.Debug|Any CPU.Build.0 = Debug|Any CPU
		{3EB35CF9-95EC-4EAC-BD9A-6966124C425E}.Release|Any CPU.ActiveCfg = Release|Any CPU
		{3EB35CF9-95EC-4EAC-BD9A-6966124C425E}.Release|Any CPU.Build.0 = Release|Any CPU
		{E5BD9E88-AA9D-466C-9D6E-64635C623F3C}.Debug|Any CPU.ActiveCfg = Debug|Any CPU
		{E5BD9E88-AA9D-466C-9D6E-64635C623F3C}.Debug|Any CPU.Build.0 = Debug|Any CPU
		{E5BD9E88-AA9D-466C-9D6E-64635C623F3C}.Release|Any CPU.ActiveCfg = Release|Any CPU
		{E5BD9E88-AA9D-466C-9D6E-64635C623F3C}.Release|Any CPU.Build.0 = Release|Any CPU
		{5ED1DB4B-E2E0-4AE7-BC36-BFA9E0F0FB4D}.Debug|Any CPU.ActiveCfg = Debug|Any CPU
		{5ED1DB4B-E2E0-4AE7-BC36-BFA9E0F0FB4D}.Debug|Any CPU.Build.0 = Debug|Any CPU
		{5ED1DB4B-E2E0-4AE7-BC36-BFA9E0F0FB4D}.Release|Any CPU.ActiveCfg = Release|Any CPU
		{5ED1DB4B-E2E0-4AE7-BC36-BFA9E0F0FB4D}.Release|Any CPU.Build.0 = Release|Any CPU
	EndGlobalSection
	GlobalSection(SolutionProperties) = preSolution
		HideSolutionNode = FALSE
	EndGlobalSection
	GlobalSection(NestedProjects) = preSolution
		{78FCC41E-0302-415D-A528-5B621585CCA8} = {21EDF693-ED4F-4652-89FB-608CFBB4F900}
		{ED7C0928-0D11-468A-86FD-EFBE5E016A8E} = {21EDF693-ED4F-4652-89FB-608CFBB4F900}
		{53B3C41F-BFF5-466A-8BB0-F6DDA7E6ADAE} = {21EDF693-ED4F-4652-89FB-608CFBB4F900}
		{3EB35CF9-95EC-4EAC-BD9A-6966124C425E} = {21EDF693-ED4F-4652-89FB-608CFBB4F900}
		{E5BD9E88-AA9D-466C-9D6E-64635C623F3C} = {21EDF693-ED4F-4652-89FB-608CFBB4F900}
		{5ED1DB4B-E2E0-4AE7-BC36-BFA9E0F0FB4D} = {CE3B410C-3E2A-43C0-A671-E804AF4E0E3A}
	EndGlobalSection
	GlobalSection(ExtensibilityGlobals) = postSolution
		SolutionGuid = {CC35FBDE-0662-4B14-AF65-D729D710081B}
	EndGlobalSection
EndGlobal
